
Microsoft Visual Studio Solution File, Format Version 12.00
# Visual Studio Version 17
VisualStudioVersion = 17.6.33829.357
MinimumVisualStudioVersion = 10.0.40219.1
Project("{FAE04EC0-301F-11D3-BF4B-00C04F79EFBC}") = "MusicLibraryWebApp", "MusicLibraryWebApp\MusicLibraryWebApp.csproj", "{BE47B2DE-65DC-4DD0-868F-0BD0E9BFE7AF}"
EndProject
Global
	GlobalSection(SolutionConfigurationPlatforms) = preSolution
		Debug|Any CPU = Debug|Any CPU
		Release|Any CPU = Release|Any CPU
	EndGlobalSection
	GlobalSection(ProjectConfigurationPlatforms) = postSolution
		{BE47B2DE-65DC-4DD0-868F-0BD0E9BFE7AF}.Debug|Any CPU.ActiveCfg = Debug|Any CPU
		{BE47B2DE-65DC-4DD0-868F-0BD0E9BFE7AF}.Debug|Any CPU.Build.0 = Debug|Any CPU
		{BE47B2DE-65DC-4DD0-868F-0BD0E9BFE7AF}.Release|Any CPU.ActiveCfg = Release|Any CPU
		{BE47B2DE-65DC-4DD0-868F-0BD0E9BFE7AF}.Release|Any CPU.Build.0 = Release|Any CPU
	EndGlobalSection
	GlobalSection(SolutionProperties) = preSolution
		HideSolutionNode = FALSE
	EndGlobalSection
	GlobalSection(ExtensibilityGlobals) = postSolution
		SolutionGuid = {AF36391C-EC74-495B-8012-6357DCFFA2AB}
	EndGlobalSection
EndGlobal
